
Microsoft Visual Studio Solution File, Format Version 12.00
# Visual Studio Version 17
VisualStudioVersion = 17.8.34330.188
MinimumVisualStudioVersion = 10.0.40219.1
Project("{8BC9CEB8-8B4A-11D0-8D11-00A0C91BC942}") = "SDL2-Sandbox", "SDL2-Sandbox\SDL2-Sandbox.vcxproj", "{1ABC801F-342B-44E1-8492-FA17C37C0B2A}"
EndProject
Global
	GlobalSection(SolutionConfigurationPlatforms) = preSolution
		Debug|ARM64 = Debug|ARM64
		Debug|x64 = Debug|x64
		Debug|x86 = Debug|x86
		Release|ARM64 = Release|ARM64
		Release|x64 = Release|x64
		Release|x86 = Release|x86
	EndGlobalSection
	GlobalSection(ProjectConfigurationPlatforms) = postSolution
		{1ABC801F-342B-44E1-8492-FA17C37C0B2A}.Debug|ARM64.ActiveCfg = Debug|ARM64
		{1ABC801F-342B-44E1-8492-FA17C37C0B2A}.Debug|ARM64.Build.0 = Debug|ARM64
		{1ABC801F-342B-44E1-8492-FA17C37C0B2A}.Debug|x64.ActiveCfg = Debug|x64
		{1ABC801F-342B-44E1-8492-FA17C37C0B2A}.Debug|x64.Build.0 = Debug|x64
		{1ABC801F-342B-44E1-8492-FA17C37C0B2A}.Debug|x86.ActiveCfg = Debug|Win32
		{1ABC801F-342B-44E1-8492-FA17C37C0B2A}.Debug|x86.Build.0 = Debug|Win32
		{1ABC801F-342B-44E1-8492-FA17C37C0B2A}.Release|ARM64.ActiveCfg = Release|ARM64
		{1ABC801F-342B-44E1-8492-FA17C37C0B2A}.Release|ARM64.Build.0 = Release|ARM64
		{1ABC801F-342B-44E1-8492-FA17C37C0B2A}.Release|x64.ActiveCfg = Release|x64
		{1ABC801F-342B-44E1-8492-FA17C37C0B2A}.Release|x64.Build.0 = Release|x64
		{1ABC801F-342B-44E1-8492-FA17C37C0B2A}.Release|x86.ActiveCfg = Release|Win32
		{1ABC801F-342B-44E1-8492-FA17C37C0B2A}.Release|x86.Build.0 = Release|Win32
	EndGlobalSection
	GlobalSection(SolutionProperties) = preSolution
		HideSolutionNode = FALSE
	EndGlobalSection
	GlobalSection(ExtensibilityGlobals) = postSolution
		SolutionGuid = {27DB654F-A1CD-4ACB-8E6C-56F5F11E6C66}
	EndGlobalSection
EndGlobal
