<?xml version="1.0" encoding="utf-8"?>
<Project ToolsVersion="4.0" xmlns="http://schemas.microsoft.com/developer/msbuild/2003">
  <ItemGroup>
    <ClInclude Include="Window.h">
      <Filter>Source\Renderer</Filter>
    </ClInclude>
    <ClInclude Include="Engine.h">
      <Filter>Source\Core</Filter>
    </ClInclude>
    <ClInclude Include="ResourceManager.h">
      <Filter>Source\Core</Filter>
    </ClInclude>
    <ClInclude Include="RenderSystem.h">
      <Filter>Source\Renderer</Filter>
    </ClInclude>
    <ClInclude Include="Common.h">
      <Filter>Source\Core</Filter>
    </ClInclude>
    <ClInclude Include="FastNoiseLite.h">
      <Filter>External</Filter>
    </ClInclude>
    <ClInclude Include="external\include\ImGui\imstb_rectpack.h">
      <Filter>External\ImGui</Filter>
    </ClInclude>
    <ClInclude Include="external\include\ImGui\imstb_textedit.h">
      <Filter>External\ImGui</Filter>
    </ClInclude>
    <ClInclude Include="external\include\ImGui\imstb_truetype.h">
      <Filter>External\ImGui</Filter>
    </ClInclude>
    <ClInclude Include="external\include\ImGui\imconfig.h">
      <Filter>External\ImGui</Filter>
    </ClInclude>
    <ClInclude Include="external\include\ImGui\imgui.h">
      <Filter>External\ImGui</Filter>
    </ClInclude>
    <ClInclude Include="external\include\ImGui\imgui_impl_sdl2.h">
      <Filter>External\ImGui</Filter>
    </ClInclude>
    <ClInclude Include="external\include\ImGui\imgui_impl_sdlrenderer2.h">
      <Filter>External\ImGui</Filter>
    </ClInclude>
    <ClInclude Include="external\include\ImGui\imgui_internal.h">
      <Filter>External\ImGui</Filter>
    </ClInclude>
    <ClInclude Include="Color.h">
      <Filter>Source\Utility</Filter>
    </ClInclude>
    <ClInclude Include="KDTree.h">
      <Filter>Source\Utility</Filter>
    </ClInclude>
    <ClInclude Include="Types.h">
      <Filter>Source\ECS</Filter>
    </ClInclude>
    <ClInclude Include="EntityManager.hpp">
      <Filter>Source\ECS</Filter>
    </ClInclude>
    <ClInclude Include="ComponentArray.hpp">
      <Filter>Source\ECS</Filter>
    </ClInclude>
    <ClInclude Include="ComponentManager.hpp">
      <Filter>Source\ECS</Filter>
    </ClInclude>
    <ClInclude Include="System.hpp">
      <Filter>Source\ECS</Filter>
    </ClInclude>
    <ClInclude Include="SystemManager.hpp">
      <Filter>Source\ECS</Filter>
    </ClInclude>
    <ClInclude Include="Coordinator.hpp">
      <Filter>Source\ECS</Filter>
    </ClInclude>
    <ClInclude Include="Tilemap.h">
      <Filter>Source\Level</Filter>
    </ClInclude>
    <ClInclude Include="Level.h">
      <Filter>Source\Level</Filter>
    </ClInclude>
    <ClInclude Include="Vector.h">
      <Filter>Source\Physics</Filter>
    </ClInclude>
    <ClInclude Include="Particle.h">
      <Filter>Source\Physics</Filter>
    </ClInclude>
  </ItemGroup>
  <ItemGroup>
    <Filter Include="Source">
      <UniqueIdentifier>{6c7c9133-0590-4722-95a6-ade908552ae2}</UniqueIdentifier>
    </Filter>
    <Filter Include="Source\Renderer">
      <UniqueIdentifier>{3517e699-8865-485a-a921-1d805093cbce}</UniqueIdentifier>
    </Filter>
    <Filter Include="Source\Core">
      <UniqueIdentifier>{150142d9-8177-4d27-b046-1ec8fbb0a55f}</UniqueIdentifier>
    </Filter>
    <Filter Include="Source\Utility">
      <UniqueIdentifier>{26df7cfd-b48e-4467-9b37-f6c14d5de822}</UniqueIdentifier>
    </Filter>
    <Filter Include="Source\ECS">
      <UniqueIdentifier>{c457e059-0f37-4eb5-847c-677b1e7515ad}</UniqueIdentifier>
    </Filter>
    <Filter Include="External">
      <UniqueIdentifier>{e8255da6-f975-478e-9bc6-cd3fef0d037d}</UniqueIdentifier>
    </Filter>
    <Filter Include="External\ImGui">
      <UniqueIdentifier>{718944ae-bbac-4b45-82cf-d418accab3d8}</UniqueIdentifier>
    </Filter>
    <Filter Include="Source\Level">
      <UniqueIdentifier>{a491fa8e-1237-4f1e-bd9e-62fd29035a0f}</UniqueIdentifier>
    </Filter>
    <Filter Include="Source\Physics">
      <UniqueIdentifier>{ef823f39-7dc0-4986-9617-9d621ae418e4}</UniqueIdentifier>
    </Filter>
  </ItemGroup>
  <ItemGroup>
    <ClCompile Include="main.cpp">
      <Filter>Source</Filter>
    </ClCompile>
    <ClCompile Include="Engine.cpp">
      <Filter>Source\Core</Filter>
    </ClCompile>
    <ClCompile Include="Window.cpp">
      <Filter>Source\Renderer</Filter>
    </ClCompile>
    <ClCompile Include="ResourceManager.cpp">
      <Filter>Source\Core</Filter>
    </ClCompile>
    <ClCompile Include="external\include\ImGui\imgui_tables.cpp">
      <Filter>External\ImGui</Filter>
    </ClCompile>
    <ClCompile Include="external\include\ImGui\imgui_widgets.cpp">
      <Filter>External\ImGui</Filter>
    </ClCompile>
    <ClCompile Include="external\include\ImGui\imgui.cpp">
      <Filter>External\ImGui</Filter>
    </ClCompile>
    <ClCompile Include="external\include\ImGui\imgui_demo.cpp">
      <Filter>External\ImGui</Filter>
    </ClCompile>
    <ClCompile Include="external\include\ImGui\imgui_draw.cpp">
      <Filter>External\ImGui</Filter>
    </ClCompile>
    <ClCompile Include="external\include\ImGui\imgui_impl_sdl2.cpp">
      <Filter>External\ImGui</Filter>
    </ClCompile>
    <ClCompile Include="external\include\ImGui\imgui_impl_sdlrenderer2.cpp">
      <Filter>External\ImGui</Filter>
    </ClCompile>
    <ClCompile Include="Color.cpp">
      <Filter>Source\Utility</Filter>
    </ClCompile>
    <ClCompile Include="RenderSystem.cpp">
      <Filter>Source\Renderer</Filter>
    </ClCompile>
    <ClCompile Include="Tilemap.cpp">
      <Filter>Source\Level</Filter>
    </ClCompile>
    <ClCompile Include="Vector.cpp">
      <Filter>Source\Physics</Filter>
    </ClCompile>
  </ItemGroup>
</Project>